# This file is automatically @generated by Cargo.
# It is not intended for manual editing.
version = 4

[[package]]
name = "dm_space_echo"
version = "0.1.0"
dependencies = [
 "lv2",
 "space_echo",
]

[[package]]
name = "fastrand"
version = "2.1.0"
source = "registry+https://github.com/rust-lang/crates.io-index"
checksum = "9fc0510504f03c51ada170672ac806f1f105a88aa97a5281117e1ddc3368e51a"

[[package]]
name = "lv2"
version = "0.6.0"
source = "git+https://github.com/davemollen/rust-lv2.git#849cf0983fd8babfe64c55422d3b1905f281b82c"
dependencies = [
 "lv2-atom",
 "lv2-core",
 "lv2-midi",
 "lv2-units",
 "lv2-urid",
 "urid",
]

[[package]]
name = "lv2-atom"
version = "2.0.0"
source = "git+https://github.com/davemollen/rust-lv2.git#849cf0983fd8babfe64c55422d3b1905f281b82c"
dependencies = [
 "lv2-core",
 "lv2-sys",
 "lv2-units",
 "urid",
]

[[package]]
name = "lv2-core"
version = "3.0.0"
source = "git+https://github.com/davemollen/rust-lv2.git#849cf0983fd8babfe64c55422d3b1905f281b82c"
dependencies = [
 "lv2-core-derive",
 "lv2-sys",
 "urid",
]

[[package]]
name = "lv2-core-derive"
version = "2.1.1"
source = "git+https://github.com/davemollen/rust-lv2.git#849cf0983fd8babfe64c55422d3b1905f281b82c"
dependencies = [
 "proc-macro2",
 "quote",
 "syn",
]

[[package]]
name = "lv2-midi"
version = "1.2.0"
source = "git+https://github.com/davemollen/rust-lv2.git#849cf0983fd8babfe64c55422d3b1905f281b82c"
dependencies = [
 "lv2-atom",
 "lv2-sys",
 "urid",
 "wmidi",
]

[[package]]
name = "lv2-sys"
version = "2.0.0"
source = "git+https://github.com/davemollen/rust-lv2.git#849cf0983fd8babfe64c55422d3b1905f281b82c"

[[package]]
name = "lv2-units"
version = "0.1.3"
source = "git+https://github.com/davemollen/rust-lv2.git#849cf0983fd8babfe64c55422d3b1905f281b82c"
dependencies = [
 "lv2-sys",
 "urid",
]

[[package]]
name = "lv2-urid"
version = "2.1.0"
source = "git+https://github.com/davemollen/rust-lv2.git#849cf0983fd8babfe64c55422d3b1905f281b82c"
dependencies = [
 "lv2-core",
 "lv2-sys",
 "urid",
]

[[package]]
name = "proc-macro2"
version = "1.0.85"
source = "registry+https://github.com/rust-lang/crates.io-index"
checksum = "22244ce15aa966053a896d1accb3a6e68469b97c7f33f284b99f0d576879fc23"
dependencies = [
 "unicode-ident",
]

[[package]]
name = "quote"
version = "1.0.36"
source = "registry+https://github.com/rust-lang/crates.io-index"
checksum = "0fa76aaf39101c457836aec0ce2316dbdc3ab723cdda1c6bd4e6ad4208acaca7"
dependencies = [
 "proc-macro2",
]

[[package]]
name = "space_echo"
version = "0.1.0"
dependencies = [
 "fastrand",
]

[[package]]
name = "syn"
version = "1.0.109"
source = "registry+https://github.com/rust-lang/crates.io-index"
checksum = "72b64191b275b66ffe2469e8af2c1cfe3bafa67b529ead792a6d0160888b4237"
dependencies = [
 "proc-macro2",
 "quote",
 "unicode-ident",
]

[[package]]
name = "unicode-ident"
version = "1.0.12"
source = "registry+https://github.com/rust-lang/crates.io-index"
checksum = "3354b9ac3fae1ff6755cb6db53683adb661634f67557942dea4facebec0fee4b"

[[package]]
name = "urid"
version = "0.1.0"
source = "git+https://github.com/davemollen/rust-lv2.git#849cf0983fd8babfe64c55422d3b1905f281b82c"
dependencies = [
 "urid-derive",
]

[[package]]
name = "urid-derive"
version = "0.1.1"
source = "git+https://github.com/davemollen/rust-lv2.git#849cf0983fd8babfe64c55422d3b1905f281b82c"
dependencies = [
 "proc-macro2",
 "quote",
 "syn",
]

[[package]]
name = "wmidi"
version = "3.1.0"
source = "registry+https://github.com/rust-lang/crates.io-index"
checksum = "ca299959bb6d529c2bee3feb517899959da3052c4a29eea0a8ff568b825eb6cf"
